{
  "name": "sle-console",
  "version": "0.1.0",
  "lockfileVersion": 3,
  "requires": true,
  "packages": {
    "": {
      "name": "sle-console",
      "version": "0.1.0",
      "license": "MIT",
      "bin": {
        "sle": "bin/sle.js"
      },
      "engines": {
        "node": ">=20"
      }
    }
  }
}
